{
  "version": 4,
  "terraform_version": "1.0.7",
  "serial": 9,
  "lineage": "f8e93aed-7c9f-00eb-945f-28dee48425f8",
  "outputs": {
    "public_ip_address": {
      "value": "35.232.248.217",
      "type": "string"
    }
  },
  "resources": [
    {
      "mode": "managed",
      "type": "google_compute_instance",
      "name": "vm",
      "provider": "provider[\"registry.terraform.io/hashicorp/google\"]",
      "instances": [
        {
          "schema_version": 6,
          "attributes": {
            "advanced_machine_features": [],
            "allow_stopping_for_update": true,
            "attached_disk": [],
            "boot_disk": [
              {
                "auto_delete": true,
                "device_name": "persistent-disk-0",
                "disk_encryption_key_raw": "",
                "disk_encryption_key_sha256": "",
                "initialize_params": [
                  {
                    "image": "https://www.googleapis.com/compute/v1/projects/debian-cloud/global/images/debian-9-stretch-v20210916",
                    "labels": {},
                    "size": 10,
                    "type": "pd-standard"
                  }
                ],
                "kms_key_self_link": "",
                "mode": "READ_WRITE",
                "source": "https://www.googleapis.com/compute/v1/projects/roigcp-202110-user12/zones/us-central1-a/disks/roigcp-202110-user12-server"
              }
            ],
            "can_ip_forward": false,
            "confidential_instance_config": [],
            "cpu_platform": "Intel Broadwell",
            "current_status": "RUNNING",
            "deletion_protection": false,
            "description": "",
            "desired_status": null,
            "enable_display": false,
            "guest_accelerator": [],
            "hostname": "",
            "id": "projects/roigcp-202110-user12/zones/us-central1-a/instances/roigcp-202110-user12-server",
            "instance_id": "5179798474219490266",
            "label_fingerprint": "PKwOBZPPUko=",
            "labels": {
              "phase": "prod"
            },
            "machine_type": "e2-medium",
            "metadata": {},
            "metadata_fingerprint": "lPChHgcDVAY=",
            "metadata_startup_script": "",
            "min_cpu_platform": "",
            "name": "roigcp-202110-user12-server",
            "network_interface": [
              {
                "access_config": [
                  {
                    "nat_ip": "35.232.248.217",
                    "network_tier": "PREMIUM",
                    "public_ptr_domain_name": ""
                  }
                ],
                "alias_ip_range": [],
                "name": "nic0",
                "network": "https://www.googleapis.com/compute/v1/projects/roigcp-202110-user12/global/networks/default",
                "network_ip": "10.128.0.2",
                "nic_type": "",
                "subnetwork": "https://www.googleapis.com/compute/v1/projects/roigcp-202110-user12/regions/us-central1/subnetworks/default",
                "subnetwork_project": "roigcp-202110-user12"
              }
            ],
            "project": "roigcp-202110-user12",
            "reservation_affinity": [],
            "resource_policies": [],
            "scheduling": [
              {
                "automatic_restart": true,
                "min_node_cpus": 0,
                "node_affinities": [],
                "on_host_maintenance": "MIGRATE",
                "preemptible": false
              }
            ],
            "scratch_disk": [],
            "self_link": "https://www.googleapis.com/compute/v1/projects/roigcp-202110-user12/zones/us-central1-a/instances/roigcp-202110-user12-server",
            "service_account": [],
            "shielded_instance_config": [],
            "tags": [],
            "tags_fingerprint": "42WmSpB8rSM=",
            "timeouts": null,
            "zone": "us-central1-a"
          },
          "sensitive_attributes": [],
          "private": "eyJlMmJmYjczMC1lY2FhLTExZTYtOGY4OC0zNDM2M2JjN2M0YzAiOnsiY3JlYXRlIjoxMjAwMDAwMDAwMDAwLCJkZWxldGUiOjEyMDAwMDAwMDAwMDAsInVwZGF0ZSI6MTIwMDAwMDAwMDAwMH0sInNjaGVtYV92ZXJzaW9uIjoiNiJ9"
        }
      ]
    }
  ]
}
