{
  "version": 4,
  "terraform_version": "1.0.7",
  "serial": 5,
  "lineage": "9dbcea3d-9397-a996-1664-caf74917c850",
  "outputs": {
    "load_balancer_status": {
      "value": [
        {
          "load_balancer": [
            {
              "ingress": [
                {
                  "hostname": "",
                  "ip": "34.68.145.167"
                }
              ]
            }
          ]
        }
      ],
      "type": [
        "list",
        [
          "object",
          {
            "load_balancer": [
              "list",
              [
                "object",
                {
                  "ingress": [
                    "list",
                    [
                      "object",
                      {
                        "hostname": "string",
                        "ip": "string"
                      }
                    ]
                  ]
                }
              ]
            ]
          }
        ]
      ]
    }
  },
  "resources": [
    {
      "mode": "data",
      "type": "google_client_config",
      "name": "default",
      "provider": "provider[\"registry.terraform.io/hashicorp/google\"]",
      "instances": [
        {
          "schema_version": 0,
          "attributes": {
            "access_token": "ya29.a0ARrdaM8N6DNpcbKucAzoS99TqfQIhYYkNNLBz99b5g1P5U-WnXZ-c7VEf-4-wlnPe8jbuOIe7ZgnlRBNCRx1G18Z-kqkbHWrPX9oBuElXVFxe-qX0BCn6oUAKJE157PspIBE7iLUSobEGizxpzpTfFAwLbxXRMaA_ZLQ4ZwNzAHNuRB04dLKbJcyPQXX2Do00CElxU4TkF-SjwMGG8lci5-1DJpX10UMFkMlUaOEAhaLU5aCvKYnuHKOlUWGFqZT1ue5vBY",
            "id": "projects/roigcp-202110-user12/regions//zones/",
            "project": "roigcp-202110-user12",
            "region": "",
            "zone": ""
          },
          "sensitive_attributes": []
        }
      ]
    },
    {
      "mode": "managed",
      "type": "google_container_cluster",
      "name": "gke-cluster",
      "provider": "provider[\"registry.terraform.io/hashicorp/google\"]",
      "instances": [
        {
          "schema_version": 1,
          "attributes": {
            "addons_config": [
              {
                "cloudrun_config": [],
                "horizontal_pod_autoscaling": [],
                "http_load_balancing": [],
                "network_policy_config": [
                  {
                    "disabled": true
                  }
                ]
              }
            ],
            "authenticator_groups_config": [],
            "cluster_autoscaling": [
              {
                "auto_provisioning_defaults": [],
                "enabled": false,
                "resource_limits": []
              }
            ],
            "cluster_ipv4_cidr": "10.112.0.0/14",
            "database_encryption": [
              {
                "key_name": "",
                "state": "DECRYPTED"
              }
            ],
            "datapath_provider": "",
            "default_max_pods_per_node": null,
            "default_snat_status": [
              {
                "disabled": false
              }
            ],
            "description": "",
            "enable_autopilot": false,
            "enable_binary_authorization": false,
            "enable_intranode_visibility": false,
            "enable_kubernetes_alpha": false,
            "enable_legacy_abac": false,
            "enable_shielded_nodes": false,
            "enable_tpu": false,
            "endpoint": "34.122.64.198",
            "id": "projects/roigcp-202110-user12/locations/us-central1-a/clusters/space-invaders-cluster",
            "initial_node_count": 3,
            "instance_group_urls": [
              "https://www.googleapis.com/compute/v1/projects/roigcp-202110-user12/zones/us-central1-a/instanceGroups/gke-space-invaders-clust-default-pool-ad0d50ad-grp"
            ],
            "ip_allocation_policy": [],
            "label_fingerprint": "a9dc16a7",
            "location": "us-central1-a",
            "logging_config": [
              {
                "enable_components": [
                  "SYSTEM_COMPONENTS",
                  "WORKLOADS"
                ]
              }
            ],
            "logging_service": "logging.googleapis.com/kubernetes",
            "maintenance_policy": [],
            "master_auth": [
              {
                "client_certificate": "",
                "client_certificate_config": [
                  {
                    "issue_client_certificate": false
                  }
                ],
                "client_key": "",
                "cluster_ca_certificate": "LS0tLS1CRUdJTiBDRVJUSUZJQ0FURS0tLS0tCk1JSUVMVENDQXBXZ0F3SUJBZ0lSQVBqTHB1ZGdQVGlZd2M3Q3RGUWVXY1l3RFFZSktvWklodmNOQVFFTEJRQXcKTHpFdE1Dc0dBMVVFQXhNa09UWm1ZelkxWXpVdFkyRXdaaTAwWXpKaExUazNNamt0Wm1RelpUazFaamxpTm1NMgpNQ0FYRFRJeE1UQXdOVEU0TkRjMU0xb1lEekl3TlRFd09USTRNVGswTnpVeldqQXZNUzB3S3dZRFZRUURFeVE1Ck5tWmpOalZqTlMxallUQm1MVFJqTW1FdE9UY3lPUzFtWkRObE9UVm1PV0kyWXpZd2dnR2lNQTBHQ1NxR1NJYjMKRFFFQkFRVUFBNElCandBd2dnR0tBb0lCZ1FETW92NVRraFhRVGZWb05IZmRlSzdHMmVwU2FsK2k5VXRuejFuMApMZ3hpekdHZ2pTaVh1S1BEMkFITVVlNWg0elIyOVFzUGovNHFmWVY3bDhodm9KajlqQ2svKzVzNW1kUHI4K3ptCjhWaWV1YlcwRUdFL3RQZ1JlVndQWk9pR0Y2ZGxtMHZJWlBJUHFNdExjbTlCclNWRG1STEdIL0ZJOUdFMGdlZTgKdWRvdzJ5V2haQ2sxNml0S1RTem5maW96Zjd4VElsYjlMaU5oWjJ5cWZTWUN6Y25HdXpUY3VsbHphWTY1cjNOTApPZDg1d2h1MlBaWmUzMGVnV3RaT3dsUzBKc2RNeXFubm92QjFiRDdFcnVQV09ITm9BMW1yVUJVTTI4bHBuVmMxCmNoaStpRko3eTJCMmIzYWdiR3RMZjl0d2czM0d1cmFFcEpkTEd1MllHREJTV2NqS3V6aWtwVk96aThEcWlVWi8KS3NoM0FVbE1wNzg1aFN3YTZuTW03QkRpTDRteVd3eVVPMDh4enFDMzJYbEg0QTdvOGlPVVpTYWZ6MXE1YXhIQgprdTdxNHBmK2xrcEkxajYyTGdNT1JndzZmanJCeUNuWmhLcjB2OUVFU0FLcFB0Ung2UVlxWVlKdVFTMEo5aWVxCkZQdXMvTlF6elhVL2orem5WTlNreHZWRFRmRUNBd0VBQWFOQ01FQXdEZ1lEVlIwUEFRSC9CQVFEQWdJRU1BOEcKQTFVZEV3RUIvd1FGTUFNQkFmOHdIUVlEVlIwT0JCWUVGRGliQStuQ0t3K2ZFTVU0WklNZXdYZmZaaG56TUEwRwpDU3FHU0liM0RRRUJDd1VBQTRJQmdRQlNHZlJXclFCcDYvcVg4NUFCSmhsRFBnbUNlZ1VuUm5ZaWZBWHVHaVFkCk9FZFlNeWxDVUZvcnFmR3hXVVczVitXeHU2RWpUU2RVS0NhODlOZlQ2WFJ4cENIMnpMRWlKNHJFdE5waVBvb1AKazlEUVVXZ0RueG4yR3BrK05zS0x4aUFMamdyMFZTcEJHV2dMS1FrN2RZV21RTHRmQjdxdjhpOGk4RUl2NXNONQpObjd3SlgwL1lOeFVRR1pJV0RETUs3eHp5MnRaT3duMWNwM2UyRXNzNXFIMm5WdHZQTVZPMmx4UlRRb2VMYitrCmZNalNEcGcwUjJHMjJ0U1NvZkY1M2s3ZjdDRlliQTdBT1FlaHl3cmlqMW1obVlDMXM4ZWdFSUdXY1JreGVUYnIKSUVlQkRHUlFXYyt3RUU2YWVqeHEza2hweDFZQWpSMzNUQTBnRkdzaXVyZjh1MEZ5VWFpY0ZuOEtVMTAwYWNrVQpOMnNKSXZIek5ldVlKM1ROWXNrSTZpSjZQM0owekgxNnRyZlRKUm5RemprcXZIOXoxQk9pbCt4REdIMEpxbktOCnBhVzNLU2JrL0RDQzlzcHhRUkVydkplWERnZEF3WUZmblM3em1uM1VLTVJibTNYLzZrNlYwaXlnV3FRakRqcWkKaCtrN211N0hCb0w4SUJNR2ZkYXIyeU09Ci0tLS0tRU5EIENFUlRJRklDQVRFLS0tLS0K",
                "password": "",
                "username": ""
              }
            ],
            "master_authorized_networks_config": [],
            "master_version": "1.20.9-gke.1001",
            "min_master_version": null,
            "monitoring_config": [
              {
                "enable_components": [
                  "SYSTEM_COMPONENTS"
                ]
              }
            ],
            "monitoring_service": "monitoring.googleapis.com/kubernetes",
            "name": "space-invaders-cluster",
            "network": "projects/roigcp-202110-user12/global/networks/default",
            "network_policy": [
              {
                "enabled": false,
                "provider": "PROVIDER_UNSPECIFIED"
              }
            ],
            "networking_mode": "ROUTES",
            "node_config": [
              {
                "disk_size_gb": 100,
                "disk_type": "pd-standard",
                "guest_accelerator": [],
                "image_type": "COS_CONTAINERD",
                "labels": {},
                "local_ssd_count": 0,
                "machine_type": "e2-small",
                "metadata": {
                  "disable-legacy-endpoints": "true"
                },
                "min_cpu_platform": "",
                "oauth_scopes": [
                  "https://www.googleapis.com/auth/logging.write",
                  "https://www.googleapis.com/auth/monitoring"
                ],
                "preemptible": true,
                "service_account": "default",
                "shielded_instance_config": [
                  {
                    "enable_integrity_monitoring": true,
                    "enable_secure_boot": false
                  }
                ],
                "tags": null,
                "taint": [],
                "workload_metadata_config": []
              }
            ],
            "node_locations": [],
            "node_pool": [
              {
                "autoscaling": [],
                "initial_node_count": 3,
                "instance_group_urls": [
                  "https://www.googleapis.com/compute/v1/projects/roigcp-202110-user12/zones/us-central1-a/instanceGroupManagers/gke-space-invaders-clust-default-pool-ad0d50ad-grp"
                ],
                "management": [
                  {
                    "auto_repair": true,
                    "auto_upgrade": true
                  }
                ],
                "max_pods_per_node": 0,
                "name": "default-pool",
                "name_prefix": "",
                "node_config": [
                  {
                    "disk_size_gb": 100,
                    "disk_type": "pd-standard",
                    "guest_accelerator": [],
                    "image_type": "COS_CONTAINERD",
                    "labels": {},
                    "local_ssd_count": 0,
                    "machine_type": "e2-small",
                    "metadata": {
                      "disable-legacy-endpoints": "true"
                    },
                    "min_cpu_platform": "",
                    "oauth_scopes": [
                      "https://www.googleapis.com/auth/logging.write",
                      "https://www.googleapis.com/auth/monitoring"
                    ],
                    "preemptible": true,
                    "service_account": "default",
                    "shielded_instance_config": [
                      {
                        "enable_integrity_monitoring": true,
                        "enable_secure_boot": false
                      }
                    ],
                    "tags": [],
                    "taint": [],
                    "workload_metadata_config": []
                  }
                ],
                "node_count": 3,
                "node_locations": [
                  "us-central1-a"
                ],
                "upgrade_settings": [
                  {
                    "max_surge": 1,
                    "max_unavailable": 0
                  }
                ],
                "version": "1.20.9-gke.1001"
              }
            ],
            "node_version": "1.20.9-gke.1001",
            "operation": null,
            "pod_security_policy_config": [],
            "private_cluster_config": [],
            "private_ipv6_google_access": "",
            "project": "roigcp-202110-user12",
            "release_channel": [
              {
                "channel": "REGULAR"
              }
            ],
            "remove_default_node_pool": null,
            "resource_labels": null,
            "resource_usage_export_config": [],
            "self_link": "https://container.googleapis.com/v1beta1/projects/roigcp-202110-user12/zones/us-central1-a/clusters/space-invaders-cluster",
            "services_ipv4_cidr": "10.115.240.0/20",
            "subnetwork": "projects/roigcp-202110-user12/regions/us-central1/subnetworks/default",
            "timeouts": null,
            "tpu_ipv4_cidr_block": "",
            "vertical_pod_autoscaling": [],
            "workload_identity_config": []
          },
          "sensitive_attributes": [],
          "private": "eyJlMmJmYjczMC1lY2FhLTExZTYtOGY4OC0zNDM2M2JjN2M0YzAiOnsiY3JlYXRlIjoyNDAwMDAwMDAwMDAwLCJkZWxldGUiOjI0MDAwMDAwMDAwMDAsInJlYWQiOjI0MDAwMDAwMDAwMDAsInVwZGF0ZSI6MzYwMDAwMDAwMDAwMH0sInNjaGVtYV92ZXJzaW9uIjoiMSJ9"
        }
      ]
    },
    {
      "module": "module.kubernetes",
      "mode": "managed",
      "type": "kubernetes_deployment",
      "name": "deployment",
      "provider": "provider[\"registry.terraform.io/hashicorp/kubernetes\"]",
      "instances": [
        {
          "schema_version": 1,
          "attributes": {
            "id": "space-invaders-ns/space-invaders-deployment",
            "metadata": [
              {
                "annotations": null,
                "generate_name": "",
                "generation": 1,
                "labels": {
                  "App": "space-invaders"
                },
                "name": "space-invaders-deployment",
                "namespace": "space-invaders-ns",
                "resource_version": "1102",
                "uid": "2dec0bb1-3933-4ce3-ae14-dc7f8e4ffd4a"
              }
            ],
            "spec": [
              {
                "min_ready_seconds": 0,
                "paused": false,
                "progress_deadline_seconds": 300,
                "replicas": "3",
                "revision_history_limit": 10,
                "selector": [
                  {
                    "match_expressions": [],
                    "match_labels": {
                      "App": "space-invaders"
                    }
                  }
                ],
                "strategy": [
                  {
                    "rolling_update": [
                      {
                        "max_surge": "25%",
                        "max_unavailable": "25%"
                      }
                    ],
                    "type": "RollingUpdate"
                  }
                ],
                "template": [
                  {
                    "metadata": [
                      {
                        "annotations": null,
                        "generate_name": "",
                        "generation": 0,
                        "labels": {
                          "App": "space-invaders"
                        },
                        "name": "",
                        "namespace": "",
                        "resource_version": "",
                        "uid": ""
                      }
                    ],
                    "spec": [
                      {
                        "active_deadline_seconds": 0,
                        "affinity": [],
                        "automount_service_account_token": true,
                        "container": [
                          {
                            "args": null,
                            "command": null,
                            "env": [],
                            "env_from": [],
                            "image": "drehnstrom/space-invaders:v1.0",
                            "image_pull_policy": "IfNotPresent",
                            "lifecycle": [],
                            "liveness_probe": [],
                            "name": "space-invaders",
                            "port": [
                              {
                                "container_port": 80,
                                "host_ip": "",
                                "host_port": 0,
                                "name": "",
                                "protocol": "TCP"
                              }
                            ],
                            "readiness_probe": [],
                            "resources": [
                              {
                                "limits": {
                                  "cpu": "200m",
                                  "memory": "2562Mi"
                                },
                                "requests": {
                                  "cpu": "100m",
                                  "memory": "50Mi"
                                }
                              }
                            ],
                            "security_context": [],
                            "startup_probe": [],
                            "stdin": false,
                            "stdin_once": false,
                            "termination_message_path": "/dev/termination-log",
                            "termination_message_policy": "File",
                            "tty": false,
                            "volume_mount": [],
                            "working_dir": ""
                          }
                        ],
                        "dns_config": [],
                        "dns_policy": "ClusterFirst",
                        "enable_service_links": true,
                        "host_aliases": [],
                        "host_ipc": false,
                        "host_network": false,
                        "host_pid": false,
                        "hostname": "",
                        "image_pull_secrets": [],
                        "init_container": [],
                        "node_name": "",
                        "node_selector": null,
                        "priority_class_name": "",
                        "readiness_gate": [],
                        "restart_policy": "Always",
                        "security_context": [],
                        "service_account_name": "",
                        "share_process_namespace": false,
                        "subdomain": "",
                        "termination_grace_period_seconds": 30,
                        "toleration": [],
                        "topology_spread_constraint": [],
                        "volume": []
                      }
                    ]
                  }
                ]
              }
            ],
            "timeouts": null,
            "wait_for_rollout": true
          },
          "sensitive_attributes": [],
          "private": "eyJlMmJmYjczMC1lY2FhLTExZTYtOGY4OC0zNDM2M2JjN2M0YzAiOnsiY3JlYXRlIjo2MDAwMDAwMDAwMDAsImRlbGV0ZSI6NjAwMDAwMDAwMDAwLCJ1cGRhdGUiOjYwMDAwMDAwMDAwMH0sInNjaGVtYV92ZXJzaW9uIjoiMSJ9",
          "dependencies": [
            "data.google_client_config.default",
            "google_container_cluster.gke-cluster",
            "module.kubernetes.kubernetes_namespace.n"
          ]
        }
      ]
    },
    {
      "module": "module.kubernetes",
      "mode": "managed",
      "type": "kubernetes_namespace",
      "name": "n",
      "provider": "provider[\"registry.terraform.io/hashicorp/kubernetes\"]",
      "instances": [
        {
          "schema_version": 0,
          "attributes": {
            "id": "space-invaders-ns",
            "metadata": [
              {
                "annotations": null,
                "generate_name": "",
                "generation": 0,
                "labels": null,
                "name": "space-invaders-ns",
                "resource_version": "889",
                "uid": "c4032a73-ddf2-4a8f-b0b5-67fc3d6fb7de"
              }
            ],
            "timeouts": null
          },
          "sensitive_attributes": [],
          "private": "eyJlMmJmYjczMC1lY2FhLTExZTYtOGY4OC0zNDM2M2JjN2M0YzAiOnsiZGVsZXRlIjozMDAwMDAwMDAwMDB9fQ==",
          "dependencies": [
            "data.google_client_config.default",
            "google_container_cluster.gke-cluster"
          ]
        }
      ]
    },
    {
      "module": "module.kubernetes",
      "mode": "managed",
      "type": "kubernetes_service",
      "name": "service",
      "provider": "provider[\"registry.terraform.io/hashicorp/kubernetes\"]",
      "instances": [
        {
          "schema_version": 1,
          "attributes": {
            "id": "space-invaders-ns/space-invaders-service",
            "metadata": [
              {
                "annotations": null,
                "generate_name": "",
                "generation": 0,
                "labels": null,
                "name": "space-invaders-service",
                "namespace": "space-invaders-ns",
                "resource_version": "1539",
                "uid": "8ea60ea9-5a49-4613-930e-773b64b32d3a"
              }
            ],
            "spec": [
              {
                "cluster_ip": "10.115.253.142",
                "external_ips": null,
                "external_name": "",
                "external_traffic_policy": "Cluster",
                "health_check_node_port": 0,
                "load_balancer_ip": "",
                "load_balancer_source_ranges": null,
                "port": [
                  {
                    "name": "",
                    "node_port": 31587,
                    "port": 80,
                    "protocol": "TCP",
                    "target_port": "80"
                  }
                ],
                "publish_not_ready_addresses": false,
                "selector": {
                  "App": "space-invaders"
                },
                "session_affinity": "None",
                "type": "LoadBalancer"
              }
            ],
            "status": [
              {
                "load_balancer": [
                  {
                    "ingress": [
                      {
                        "hostname": "",
                        "ip": "34.68.145.167"
                      }
                    ]
                  }
                ]
              }
            ],
            "timeouts": null,
            "wait_for_load_balancer": true
          },
          "sensitive_attributes": [],
          "private": "eyJlMmJmYjczMC1lY2FhLTExZTYtOGY4OC0zNDM2M2JjN2M0YzAiOnsiY3JlYXRlIjo2MDAwMDAwMDAwMDB9LCJzY2hlbWFfdmVyc2lvbiI6IjEifQ==",
          "dependencies": [
            "data.google_client_config.default",
            "google_container_cluster.gke-cluster",
            "module.kubernetes.kubernetes_deployment.deployment",
            "module.kubernetes.kubernetes_namespace.n"
          ]
        }
      ]
    }
  ]
}
